
Microsoft Visual Studio Solution File, Format Version 12.00
# Visual Studio Version 17
VisualStudioVersion = 17.5.33502.453
MinimumVisualStudioVersion = 10.0.40219.1
Project("{FAE04EC0-301F-11D3-BF4B-00C04F79EFBC}") = "WeatherApp", "WeatherApp\WeatherApp.csproj", "{C679B1A7-73B9-412A-B6CF-C1871C138746}"
EndProject
Global
	GlobalSection(SolutionConfigurationPlatforms) = preSolution
		Debug|Any CPU = Debug|Any CPU
		Release|Any CPU = Release|Any CPU
	EndGlobalSection
	GlobalSection(ProjectConfigurationPlatforms) = postSolution
		{C679B1A7-73B9-412A-B6CF-C1871C138746}.Debug|Any CPU.ActiveCfg = Debug|Any CPU
		{C679B1A7-73B9-412A-B6CF-C1871C138746}.Debug|Any CPU.Build.0 = Debug|Any CPU
		{C679B1A7-73B9-412A-B6CF-C1871C138746}.Release|Any CPU.ActiveCfg = Release|Any CPU
		{C679B1A7-73B9-412A-B6CF-C1871C138746}.Release|Any CPU.Build.0 = Release|Any CPU
	EndGlobalSection
	GlobalSection(SolutionProperties) = preSolution
		HideSolutionNode = FALSE
	EndGlobalSection
	GlobalSection(ExtensibilityGlobals) = postSolution
		SolutionGuid = {F0481891-3AE3-477C-9D3B-FBB653FA96A9}
	EndGlobalSection
EndGlobal
